# THIS IS AN AUTOGENERATED FILE. DO NOT EDIT THIS FILE DIRECTLY.
# yarn lockfile v1


"axios@^0.21.0":
  "integrity" "sha512-fmkJBknJKoZwem3/IKSSLpkdNXZeBu5Q7GA/aRsr2btgrptmSCxi2oFjZHqGdK9DoTil9PIHlPIZw2EcRJXRvw=="
  "resolved" "https://registry.npmjs.org/axios/-/axios-0.21.0.tgz"
  "version" "0.21.0"
  dependencies:
    "follow-redirects" "^1.10.0"

"crypto@^1.0.1":
  "integrity" "sha512-VxBKmeNcqQdiUQUW2Tzq0t377b54N2bMtXO/qiLa+6eRRmmC4qT3D4OnTGoT/U6O9aklQ/jTwbOtRMTTY8G0Ig=="
  "resolved" "https://registry.npmjs.org/crypto/-/crypto-1.0.1.tgz"
  "version" "1.0.1"

"follow-redirects@^1.10.0":
  "integrity" "sha512-aq6gF1BEKje4a9i9+5jimNFIpq4Q1WiwBToeRK5NvZBd/TRsmW8BsJfOEGkr76TbOyPVD3OVDN910EcUNtRYEA=="
  "resolved" "https://registry.npmjs.org/follow-redirects/-/follow-redirects-1.13.0.tgz"
  "version" "1.13.0"

"prettier@^1.18.2":
  "integrity" "sha512-s7PoyDv/II1ObgQunCbB9PdLmUcBZcnWOcxDh7O0N/UwDEsHyqkW+Qh28jW+mVuCdx7gLB0BotYI1Y6uI9iyew=="
  "resolved" "https://registry.npmjs.org/prettier/-/prettier-1.19.1.tgz"
  "version" "1.19.1"
